
Microsoft Visual Studio Solution File, Format Version 12.00
# Visual Studio Version 17
VisualStudioVersion = 17.5.002.0
MinimumVisualStudioVersion = 10.0.40219.1
Project("{9A19103F-16F7-4668-BE54-9A1E7A4F7556}") = "practicasLinq", "practicasLinq.csproj", "{045A571D-5C90-43EC-83CA-EEF3BFA4E55C}"
EndProject
Project("{9A19103F-16F7-4668-BE54-9A1E7A4F7556}") = "practicasLinq (1)", "practicasLinq\practicasLinq.csproj", "{B7FC13F5-CE89-4CB8-9830-CEF765C2C385}"
EndProject
Global
	GlobalSection(SolutionConfigurationPlatforms) = preSolution
		Debug|Any CPU = Debug|Any CPU
		Release|Any CPU = Release|Any CPU
	EndGlobalSection
	GlobalSection(ProjectConfigurationPlatforms) = postSolution
		{045A571D-5C90-43EC-83CA-EEF3BFA4E55C}.Debug|Any CPU.ActiveCfg = Debug|Any CPU
		{045A571D-5C90-43EC-83CA-EEF3BFA4E55C}.Debug|Any CPU.Build.0 = Debug|Any CPU
		{045A571D-5C90-43EC-83CA-EEF3BFA4E55C}.Release|Any CPU.ActiveCfg = Release|Any CPU
		{045A571D-5C90-43EC-83CA-EEF3BFA4E55C}.Release|Any CPU.Build.0 = Release|Any CPU
		{B7FC13F5-CE89-4CB8-9830-CEF765C2C385}.Debug|Any CPU.ActiveCfg = Debug|Any CPU
		{B7FC13F5-CE89-4CB8-9830-CEF765C2C385}.Debug|Any CPU.Build.0 = Debug|Any CPU
		{B7FC13F5-CE89-4CB8-9830-CEF765C2C385}.Release|Any CPU.ActiveCfg = Release|Any CPU
		{B7FC13F5-CE89-4CB8-9830-CEF765C2C385}.Release|Any CPU.Build.0 = Release|Any CPU
	EndGlobalSection
	GlobalSection(SolutionProperties) = preSolution
		HideSolutionNode = FALSE
	EndGlobalSection
	GlobalSection(ExtensibilityGlobals) = postSolution
		SolutionGuid = {6418A307-91CF-408E-8ACF-4576F63A1226}
	EndGlobalSection
EndGlobal
